
Microsoft Visual Studio Solution File, Format Version 12.00
# Visual Studio Version 17
VisualStudioVersion = 17.0.31903.59
MinimumVisualStudioVersion = 10.0.40219.1
Project("{FAE04EC0-301F-11D3-BF4B-00C04F79EFBC}") = "StudentApp", "StudentApp.csproj", "{19E43748-EF84-4FDC-AB19-7A2F8C8E4CA1}"
EndProject
Global
	GlobalSection(SolutionConfigurationPlatforms) = preSolution
		Debug|Any CPU = Debug|Any CPU
		Release|Any CPU = Release|Any CPU
	EndGlobalSection
	GlobalSection(ProjectConfigurationPlatforms) = postSolution
		{19E43748-EF84-4FDC-AB19-7A2F8C8E4CA1}.Debug|Any CPU.ActiveCfg = Debug|Any CPU
		{19E43748-EF84-4FDC-AB19-7A2F8C8E4CA1}.Debug|Any CPU.Build.0 = Debug|Any CPU
		{19E43748-EF84-4FDC-AB19-7A2F8C8E4CA1}.Release|Any CPU.ActiveCfg = Release|Any CPU
		{19E43748-EF84-4FDC-AB19-7A2F8C8E4CA1}.Release|Any CPU.Build.0 = Release|Any CPU
	EndGlobalSection
EndGlobal
